{
  "name": "perf-gpio",
  "version": "0.5.4",
  "lockfileVersion": 2,
  "requires": true,
  "packages": {
    "": {
      "name": "perf-gpio",
      "version": "0.5.4",
      "license": "MIT",
      "dependencies": {
        "global-singleton": "^0.1.2",
        "nan": "^2.17.0",
        "rpio-pwm": "^1.0.4"
      }
    },
    "node_modules/global-singleton": {
      "version": "0.1.2",
      "resolved": "https://registry.npmjs.org/global-singleton/-/global-singleton-0.1.2.tgz",
      "integrity": "sha512-EwqWIYH6ghMyIFNTpvEhpgC9odc51kZoako2vAaH0WByWDqtGCncQvijVFK8/U3ewiVBiDNylozpKQpiVfil0w=="
    },
    "node_modules/nan": {
      "version": "2.17.0",
      "resolved": "https://registry.npmjs.org/nan/-/nan-2.17.0.tgz",
      "integrity": "sha512-2ZTgtl0nJsO0KQCjEpxcIr5D+Yv90plTitZt9JBfQvVJDS5seMl3FOvsh3+9CoYWXf/1l5OaZzzF6nDm4cagaQ=="
    },
    "node_modules/rpio-pwm": {
      "version": "1.0.4",
      "resolved": "https://registry.npmjs.org/rpio-pwm/-/rpio-pwm-1.0.4.tgz",
      "integrity": "sha512-3lkTHw7rs7DLXXQqjG1okFI1hY7RAb2qzvm8hKYv7v4Jc5GhMm+sKT0kDfWjn5CX1/V8zraC6L5ojz1cM737VA==",
      "hasInstallScript": true,
      "dependencies": {
        "nan": "^2.14.1"
      }
    }
  },
  "dependencies": {
    "global-singleton": {
      "version": "0.1.2",
      "resolved": "https://registry.npmjs.org/global-singleton/-/global-singleton-0.1.2.tgz",
      "integrity": "sha512-EwqWIYH6ghMyIFNTpvEhpgC9odc51kZoako2vAaH0WByWDqtGCncQvijVFK8/U3ewiVBiDNylozpKQpiVfil0w=="
    },
    "nan": {
      "version": "2.17.0",
      "resolved": "https://registry.npmjs.org/nan/-/nan-2.17.0.tgz",
      "integrity": "sha512-2ZTgtl0nJsO0KQCjEpxcIr5D+Yv90plTitZt9JBfQvVJDS5seMl3FOvsh3+9CoYWXf/1l5OaZzzF6nDm4cagaQ=="
    },
    "rpio-pwm": {
      "version": "1.0.4",
      "resolved": "https://registry.npmjs.org/rpio-pwm/-/rpio-pwm-1.0.4.tgz",
      "integrity": "sha512-3lkTHw7rs7DLXXQqjG1okFI1hY7RAb2qzvm8hKYv7v4Jc5GhMm+sKT0kDfWjn5CX1/V8zraC6L5ojz1cM737VA==",
      "requires": {
        "nan": "^2.14.1"
      }
    }
  }
}
